
Microsoft Visual Studio Solution File, Format Version 12.00
# Visual Studio Version 17
VisualStudioVersion = 17.6.33829.357
MinimumVisualStudioVersion = 10.0.40219.1
Project("{FAE04EC0-301F-11D3-BF4B-00C04F79EFBC}") = "InterfaceSegregation_PrincipleNet7.0", "InterfaceSegregation_PrincipleNet7.0\InterfaceSegregation_PrincipleNet7.0.csproj", "{BB482900-E3EB-406B-85E3-EE7BF4612963}"
EndProject
Global
	GlobalSection(SolutionConfigurationPlatforms) = preSolution
		Debug|Any CPU = Debug|Any CPU
		Release|Any CPU = Release|Any CPU
	EndGlobalSection
	GlobalSection(ProjectConfigurationPlatforms) = postSolution
		{BB482900-E3EB-406B-85E3-EE7BF4612963}.Debug|Any CPU.ActiveCfg = Debug|Any CPU
		{BB482900-E3EB-406B-85E3-EE7BF4612963}.Debug|Any CPU.Build.0 = Debug|Any CPU
		{BB482900-E3EB-406B-85E3-EE7BF4612963}.Release|Any CPU.ActiveCfg = Release|Any CPU
		{BB482900-E3EB-406B-85E3-EE7BF4612963}.Release|Any CPU.Build.0 = Release|Any CPU
	EndGlobalSection
	GlobalSection(SolutionProperties) = preSolution
		HideSolutionNode = FALSE
	EndGlobalSection
	GlobalSection(ExtensibilityGlobals) = postSolution
		SolutionGuid = {5C83C78E-4619-4036-ADCB-409AB1CC1622}
	EndGlobalSection
EndGlobal
